
Microsoft Visual Studio Solution File, Format Version 12.00
# Visual Studio 15
VisualStudioVersion = 15.0.26228.12
MinimumVisualStudioVersion = 10.0.40219.1
Project("{8BC9CEB8-8B4A-11D0-8D11-00A0C91BC942}") = "1", "1\1.vcxproj", "{24D0BE63-2452-48D7-94EF-135103DBAEAD}"
EndProject
Project("{8BC9CEB8-8B4A-11D0-8D11-00A0C91BC942}") = "2", "2\2.vcxproj", "{8C0A7710-7D59-4724-BF72-FC94344A0933}"
EndProject
Project("{8BC9CEB8-8B4A-11D0-8D11-00A0C91BC942}") = "4", "4\4.vcxproj", "{E887E02C-B441-4B5E-8307-D0E04D8645A1}"
EndProject
Project("{8BC9CEB8-8B4A-11D0-8D11-00A0C91BC942}") = "5", "5\5.vcxproj", "{7F30E4C4-79C7-4734-BEDF-4CFEC4FA1421}"
EndProject
Project("{8BC9CEB8-8B4A-11D0-8D11-00A0C91BC942}") = "3", "3\3.vcxproj", "{4666A7C6-D725-4DB5-9ADC-D8506AFB3940}"
EndProject
Project("{8BC9CEB8-8B4A-11D0-8D11-00A0C91BC942}") = "6", "6\6.vcxproj", "{512100A9-07A4-4F41-815D-2EAA3B5079D4}"
EndProject
Global
	GlobalSection(SolutionConfigurationPlatforms) = preSolution
		Debug|x64 = Debug|x64
		Debug|x86 = Debug|x86
		Release|x64 = Release|x64
		Release|x86 = Release|x86
	EndGlobalSection
	GlobalSection(ProjectConfigurationPlatforms) = postSolution
		{24D0BE63-2452-48D7-94EF-135103DBAEAD}.Debug|x64.ActiveCfg = Debug|x64
		{24D0BE63-2452-48D7-94EF-135103DBAEAD}.Debug|x64.Build.0 = Debug|x64
		{24D0BE63-2452-48D7-94EF-135103DBAEAD}.Debug|x86.ActiveCfg = Debug|Win32
		{24D0BE63-2452-48D7-94EF-135103DBAEAD}.Debug|x86.Build.0 = Debug|Win32
		{24D0BE63-2452-48D7-94EF-135103DBAEAD}.Release|x64.ActiveCfg = Release|x64
		{24D0BE63-2452-48D7-94EF-135103DBAEAD}.Release|x64.Build.0 = Release|x64
		{24D0BE63-2452-48D7-94EF-135103DBAEAD}.Release|x86.ActiveCfg = Release|Win32
		{24D0BE63-2452-48D7-94EF-135103DBAEAD}.Release|x86.Build.0 = Release|Win32
		{8C0A7710-7D59-4724-BF72-FC94344A0933}.Debug|x64.ActiveCfg = Debug|x64
		{8C0A7710-7D59-4724-BF72-FC94344A0933}.Debug|x64.Build.0 = Debug|x64
		{8C0A7710-7D59-4724-BF72-FC94344A0933}.Debug|x86.ActiveCfg = Debug|Win32
		{8C0A7710-7D59-4724-BF72-FC94344A0933}.Debug|x86.Build.0 = Debug|Win32
		{8C0A7710-7D59-4724-BF72-FC94344A0933}.Release|x64.ActiveCfg = Release|x64
		{8C0A7710-7D59-4724-BF72-FC94344A0933}.Release|x64.Build.0 = Release|x64
		{8C0A7710-7D59-4724-BF72-FC94344A0933}.Release|x86.ActiveCfg = Release|Win32
		{8C0A7710-7D59-4724-BF72-FC94344A0933}.Release|x86.Build.0 = Release|Win32
		{E887E02C-B441-4B5E-8307-D0E04D8645A1}.Debug|x64.ActiveCfg = Debug|x64
		{E887E02C-B441-4B5E-8307-D0E04D8645A1}.Debug|x64.Build.0 = Debug|x64
		{E887E02C-B441-4B5E-8307-D0E04D8645A1}.Debug|x86.ActiveCfg = Debug|Win32
		{E887E02C-B441-4B5E-8307-D0E04D8645A1}.Debug|x86.Build.0 = Debug|Win32
		{E887E02C-B441-4B5E-8307-D0E04D8645A1}.Release|x64.ActiveCfg = Release|x64
		{E887E02C-B441-4B5E-8307-D0E04D8645A1}.Release|x64.Build.0 = Release|x64
		{E887E02C-B441-4B5E-8307-D0E04D8645A1}.Release|x86.ActiveCfg = Release|Win32
		{E887E02C-B441-4B5E-8307-D0E04D8645A1}.Release|x86.Build.0 = Release|Win32
		{7F30E4C4-79C7-4734-BEDF-4CFEC4FA1421}.Debug|x64.ActiveCfg = Debug|x64
		{7F30E4C4-79C7-4734-BEDF-4CFEC4FA1421}.Debug|x64.Build.0 = Debug|x64
		{7F30E4C4-79C7-4734-BEDF-4CFEC4FA1421}.Debug|x64.Deploy.0 = Debug|x64
		{7F30E4C4-79C7-4734-BEDF-4CFEC4FA1421}.Debug|x86.ActiveCfg = Debug|Win32
		{7F30E4C4-79C7-4734-BEDF-4CFEC4FA1421}.Debug|x86.Build.0 = Debug|Win32
		{7F30E4C4-79C7-4734-BEDF-4CFEC4FA1421}.Debug|x86.Deploy.0 = Debug|Win32
		{7F30E4C4-79C7-4734-BEDF-4CFEC4FA1421}.Release|x64.ActiveCfg = Release|x64
		{7F30E4C4-79C7-4734-BEDF-4CFEC4FA1421}.Release|x64.Build.0 = Release|x64
		{7F30E4C4-79C7-4734-BEDF-4CFEC4FA1421}.Release|x64.Deploy.0 = Release|x64
		{7F30E4C4-79C7-4734-BEDF-4CFEC4FA1421}.Release|x86.ActiveCfg = Release|Win32
		{7F30E4C4-79C7-4734-BEDF-4CFEC4FA1421}.Release|x86.Build.0 = Release|Win32
		{7F30E4C4-79C7-4734-BEDF-4CFEC4FA1421}.Release|x86.Deploy.0 = Release|Win32
		{4666A7C6-D725-4DB5-9ADC-D8506AFB3940}.Debug|x64.ActiveCfg = Debug|x64
		{4666A7C6-D725-4DB5-9ADC-D8506AFB3940}.Debug|x64.Build.0 = Debug|x64
		{4666A7C6-D725-4DB5-9ADC-D8506AFB3940}.Debug|x86.ActiveCfg = Debug|Win32
		{4666A7C6-D725-4DB5-9ADC-D8506AFB3940}.Debug|x86.Build.0 = Debug|Win32
		{4666A7C6-D725-4DB5-9ADC-D8506AFB3940}.Release|x64.ActiveCfg = Release|x64
		{4666A7C6-D725-4DB5-9ADC-D8506AFB3940}.Release|x64.Build.0 = Release|x64
		{4666A7C6-D725-4DB5-9ADC-D8506AFB3940}.Release|x86.ActiveCfg = Release|Win32
		{4666A7C6-D725-4DB5-9ADC-D8506AFB3940}.Release|x86.Build.0 = Release|Win32
		{512100A9-07A4-4F41-815D-2EAA3B5079D4}.Debug|x64.ActiveCfg = Debug|x64
		{512100A9-07A4-4F41-815D-2EAA3B5079D4}.Debug|x64.Build.0 = Debug|x64
		{512100A9-07A4-4F41-815D-2EAA3B5079D4}.Debug|x86.ActiveCfg = Debug|Win32
		{512100A9-07A4-4F41-815D-2EAA3B5079D4}.Debug|x86.Build.0 = Debug|Win32
		{512100A9-07A4-4F41-815D-2EAA3B5079D4}.Release|x64.ActiveCfg = Release|x64
		{512100A9-07A4-4F41-815D-2EAA3B5079D4}.Release|x64.Build.0 = Release|x64
		{512100A9-07A4-4F41-815D-2EAA3B5079D4}.Release|x86.ActiveCfg = Release|Win32
		{512100A9-07A4-4F41-815D-2EAA3B5079D4}.Release|x86.Build.0 = Release|Win32
	EndGlobalSection
	GlobalSection(SolutionProperties) = preSolution
		HideSolutionNode = FALSE
	EndGlobalSection
EndGlobal
